
Microsoft Visual Studio Solution File, Format Version 12.00
# Visual Studio 15
VisualStudioVersion = 15.0.26730.15
MinimumVisualStudioVersion = 10.0.40219.1
Project("{FAE04EC0-301F-11D3-BF4B-00C04F79EFBC}") = "ShortUrl", "ShortUrl\ShortUrl.csproj", "{AD86CFC0-8CBA-4FCE-B195-A02ACEFB7A30}"
EndProject
Project("{2150E333-8FDC-42A3-9474-1A3956D46DE8}") = "Solution Items", "Solution Items", "{8AE9127C-BE0A-47D7-86C9-4E1A14601B69}"
	ProjectSection(SolutionItems) = preProject
		CHANGELOG.md = CHANGELOG.md
		README.md = README.md
	EndProjectSection
EndProject
Project("{FAE04EC0-301F-11D3-BF4B-00C04F79EFBC}") = "UpgradeConfigFile", "UpgradeConfigFile\UpgradeConfigFile.csproj", "{EAC1CB79-C6EB-4498-8E95-1C5A524EF377}"
EndProject
Global
	GlobalSection(SolutionConfigurationPlatforms) = preSolution
		Debug|Any CPU = Debug|Any CPU
		Release|Any CPU = Release|Any CPU
	EndGlobalSection
	GlobalSection(ProjectConfigurationPlatforms) = postSolution
		{AD86CFC0-8CBA-4FCE-B195-A02ACEFB7A30}.Debug|Any CPU.ActiveCfg = Debug|Any CPU
		{AD86CFC0-8CBA-4FCE-B195-A02ACEFB7A30}.Debug|Any CPU.Build.0 = Debug|Any CPU
		{AD86CFC0-8CBA-4FCE-B195-A02ACEFB7A30}.Release|Any CPU.ActiveCfg = Release|Any CPU
		{AD86CFC0-8CBA-4FCE-B195-A02ACEFB7A30}.Release|Any CPU.Build.0 = Release|Any CPU
		{EAC1CB79-C6EB-4498-8E95-1C5A524EF377}.Debug|Any CPU.ActiveCfg = Debug|Any CPU
		{EAC1CB79-C6EB-4498-8E95-1C5A524EF377}.Debug|Any CPU.Build.0 = Debug|Any CPU
		{EAC1CB79-C6EB-4498-8E95-1C5A524EF377}.Release|Any CPU.ActiveCfg = Release|Any CPU
		{EAC1CB79-C6EB-4498-8E95-1C5A524EF377}.Release|Any CPU.Build.0 = Release|Any CPU
	EndGlobalSection
	GlobalSection(SolutionProperties) = preSolution
		HideSolutionNode = FALSE
	EndGlobalSection
	GlobalSection(ExtensibilityGlobals) = postSolution
		SolutionGuid = {6A1F2BFD-FB9D-4E41-83E3-7B5722FF5CC3}
	EndGlobalSection
EndGlobal
